<?xml version="1.0" encoding="utf-8"?>
<Project ToolsVersion="4.0" xmlns="http://schemas.microsoft.com/developer/msbuild/2003">
  <ItemGroup>
    <Filter Include="shaders">
      <UniqueIdentifier>{7dabe915-e884-4184-a2b6-c8419e4010f5}</UniqueIdentifier>
    </Filter>
    <Filter Include="source">
      <UniqueIdentifier>{4FC737F1-C7A5-4376-A066-2A32D752A2FF}</UniqueIdentifier>
      <Extensions>cpp;c;cc;cxx;def;odl;idl;hpj;bat;asm;asmx</Extensions>
    </Filter>
    <Filter Include="source\core">
      <UniqueIdentifier>{cb219ded-61d0-470b-82a0-a22ee6503223}</UniqueIdentifier>
    </Filter>
    <Filter Include="source\engine">
      <UniqueIdentifier>{0d4430b2-54a7-4095-a769-635a33fa1652}</UniqueIdentifier>
    </Filter>
    <Filter Include="source\engine\renderer">
      <UniqueIdentifier>{cce1af31-b485-42eb-8e2f-29bacc932482}</UniqueIdentifier>
    </Filter>
    <Filter Include="source\engine\input">
      <UniqueIdentifier>{75055f55-cc59-4b6c-b451-4a1fcc5dd78d}</UniqueIdentifier>
    </Filter>
    <Filter Include="source\engine\math">
      <UniqueIdentifier>{6480e8c8-0b74-45a5-96f7-1db6341e4b2e}</UniqueIdentifier>
    </Filter>
    <Filter Include="external">
      <UniqueIdentifier>{e7e74d3d-c242-4ecf-b8be-cbd2e4f20688}</UniqueIdentifier>
    </Filter>
    <Filter Include="source\engine\framework">
      <UniqueIdentifier>{644f37b4-40c2-400f-85f5-1fcd9aa29818}</UniqueIdentifier>
    </Filter>
  </ItemGroup>
  <ItemGroup>
    <ClCompile Include="main.cpp">
      <Filter>source</Filter>
    </ClCompile>
    <ClCompile Include="core\assert.cpp">
      <Filter>source\core</Filter>
    </ClCompile>
    <ClCompile Include="core\filesystem.cpp">
      <Filter>source\core</Filter>
    </ClCompile>
    <ClCompile Include="core\heap.cpp">
      <Filter>source\core</Filter>
    </ClCompile>
    <ClCompile Include="core\json.cpp">
      <Filter>source\core</Filter>
    </ClCompile>
    <ClCompile Include="core\memory.cpp">
      <Filter>source\core</Filter>
    </ClCompile>
    <ClCompile Include="core\name.cpp">
      <Filter>source\core</Filter>
    </ClCompile>
    <ClCompile Include="core\random.cpp">
      <Filter>source\core</Filter>
    </ClCompile>
    <ClCompile Include="core\string.cpp">
      <Filter>source\core</Filter>
    </ClCompile>
    <ClCompile Include="core\timer.cpp">
      <Filter>source\core</Filter>
    </ClCompile>
    <ClCompile Include="engine\renderer\program.cpp">
      <Filter>source\engine\renderer</Filter>
    </ClCompile>
    <ClCompile Include="engine\input\input.cpp">
      <Filter>source\engine\input</Filter>
    </ClCompile>
    <ClCompile Include="engine\renderer\renderer.cpp">
      <Filter>source\engine\renderer</Filter>
    </ClCompile>
    <ClCompile Include="engine\renderer\vertex_array.cpp">
      <Filter>source\engine\renderer</Filter>
    </ClCompile>
    <ClCompile Include="engine\renderer\vertex_index_array.cpp">
      <Filter>source\engine\renderer</Filter>
    </ClCompile>
    <ClCompile Include="engine\renderer\texture.cpp">
      <Filter>source\engine\renderer</Filter>
    </ClCompile>
    <ClCompile Include="engine\renderer\light.cpp">
      <Filter>source\engine\renderer</Filter>
    </ClCompile>
    <ClCompile Include="engine\renderer\material.cpp">
      <Filter>source\engine\renderer</Filter>
    </ClCompile>
    <ClCompile Include="engine\renderer\mesh.cpp">
      <Filter>source\engine\renderer</Filter>
    </ClCompile>
    <ClCompile Include="engine\math\math.cpp">
      <Filter>source\engine\math</Filter>
    </ClCompile>
    <ClCompile Include="..\external\glad\src\glad.c">
      <Filter>external</Filter>
    </ClCompile>
    <ClCompile Include="..\external\imgui\imgui.cpp">
      <Filter>external</Filter>
    </ClCompile>
    <ClCompile Include="..\external\imgui\imgui_draw.cpp">
      <Filter>external</Filter>
    </ClCompile>
    <ClCompile Include="..\external\imgui\imgui_widgets.cpp">
      <Filter>external</Filter>
    </ClCompile>
    <ClCompile Include="..\external\imgui\examples\imgui_impl_opengl3.cpp">
      <Filter>external</Filter>
    </ClCompile>
    <ClCompile Include="..\external\imgui\examples\imgui_impl_sdl.cpp">
      <Filter>external</Filter>
    </ClCompile>
    <ClCompile Include="engine\renderer\gui.cpp">
      <Filter>source\engine\renderer</Filter>
    </ClCompile>
    <ClCompile Include="engine\math\transform.cpp">
      <Filter>source\engine\math</Filter>
    </ClCompile>
  </ItemGroup>
  <ItemGroup>
    <ClInclude Include="core\assert.h">
      <Filter>source\core</Filter>
    </ClInclude>
    <ClInclude Include="core\core.h">
      <Filter>source\core</Filter>
    </ClInclude>
    <ClInclude Include="core\filesystem.h">
      <Filter>source\core</Filter>
    </ClInclude>
    <ClInclude Include="core\handle.h">
      <Filter>source\core</Filter>
    </ClInclude>
    <ClInclude Include="core\heap.h">
      <Filter>source\core</Filter>
    </ClInclude>
    <ClInclude Include="core\json.h">
      <Filter>source\core</Filter>
    </ClInclude>
    <ClInclude Include="core\memory.h">
      <Filter>source\core</Filter>
    </ClInclude>
    <ClInclude Include="core\name.h">
      <Filter>source\core</Filter>
    </ClInclude>
    <ClInclude Include="core\pool_allocator.h">
      <Filter>source\core</Filter>
    </ClInclude>
    <ClInclude Include="core\random.h">
      <Filter>source\core</Filter>
    </ClInclude>
    <ClInclude Include="core\ref_count.h">
      <Filter>source\core</Filter>
    </ClInclude>
    <ClInclude Include="core\ref_ptr.h">
      <Filter>source\core</Filter>
    </ClInclude>
    <ClInclude Include="core\reflection.h">
      <Filter>source\core</Filter>
    </ClInclude>
    <ClInclude Include="core\smart_ptr.h">
      <Filter>source\core</Filter>
    </ClInclude>
    <ClInclude Include="core\string.h">
      <Filter>source\core</Filter>
    </ClInclude>
    <ClInclude Include="core\timer.h">
      <Filter>source\core</Filter>
    </ClInclude>
    <ClInclude Include="core\types.h">
      <Filter>source\core</Filter>
    </ClInclude>
    <ClInclude Include="engine\renderer\program.h">
      <Filter>source\engine\renderer</Filter>
    </ClInclude>
    <ClInclude Include="engine\engine.h">
      <Filter>source\engine</Filter>
    </ClInclude>
    <ClInclude Include="engine\renderer\renderer.h">
      <Filter>source\engine\renderer</Filter>
    </ClInclude>
    <ClInclude Include="engine\input\input.h">
      <Filter>source\engine\input</Filter>
    </ClInclude>
    <ClInclude Include="engine\renderer\vertex_array.h">
      <Filter>source\engine\renderer</Filter>
    </ClInclude>
    <ClInclude Include="engine\renderer\vertex_index_array.h">
      <Filter>source\engine\renderer</Filter>
    </ClInclude>
    <ClInclude Include="engine\renderer\texture.h">
      <Filter>source\engine\renderer</Filter>
    </ClInclude>
    <ClInclude Include="engine\renderer\light.h">
      <Filter>source\engine\renderer</Filter>
    </ClInclude>
    <ClInclude Include="engine\renderer\material.h">
      <Filter>source\engine\renderer</Filter>
    </ClInclude>
    <ClInclude Include="engine\renderer\mesh.h">
      <Filter>source\engine\renderer</Filter>
    </ClInclude>
    <ClInclude Include="engine\math\math.h">
      <Filter>source\engine\math</Filter>
    </ClInclude>
    <ClInclude Include="engine\renderer\gui.h">
      <Filter>source\engine\renderer</Filter>
    </ClInclude>
    <ClInclude Include="engine\math\transform.h">
      <Filter>source\engine\math</Filter>
    </ClInclude>
    <ClInclude Include="engine\framework\resource.h">
      <Filter>source\engine\framework</Filter>
    </ClInclude>
    <ClInclude Include="engine\framework\scene.h">
      <Filter>source\engine\framework</Filter>
    </ClInclude>
    <ClInclude Include="engine\framework\system.h">
      <Filter>source\engine\framework</Filter>
    </ClInclude>
    <ClInclude Include="engine\framework\actor.h">
      <Filter>source\engine\framework</Filter>
    </ClInclude>
    <ClInclude Include="engine\framework\object.h">
      <Filter>source\engine\framework</Filter>
    </ClInclude>
  </ItemGroup>
  <ItemGroup>
    <None Include="builds\content\shaders\basic.frag">
      <Filter>shaders</Filter>
    </None>
    <None Include="builds\content\shaders\basic.vert">
      <Filter>shaders</Filter>
    </None>
    <None Include="builds\content\shaders\texture_unlit.frag">
      <Filter>shaders</Filter>
    </None>
    <None Include="builds\content\shaders\texture_unlit.vert">
      <Filter>shaders</Filter>
    </None>
    <None Include="builds\content\shaders\basic_lit.frag">
      <Filter>shaders</Filter>
    </None>
    <None Include="builds\content\shaders\basic_lit.vert">
      <Filter>shaders</Filter>
    </None>
    <None Include="builds\content\shaders\gouraud.frag">
      <Filter>shaders</Filter>
    </None>
    <None Include="builds\content\shaders\gouraud.vert">
      <Filter>shaders</Filter>
    </None>
    <None Include="builds\content\shaders\phong.frag">
      <Filter>shaders</Filter>
    </None>
    <None Include="builds\content\shaders\phong.vert">
      <Filter>shaders</Filter>
    </None>
    <None Include="builds\content\shaders\texture_phong.frag">
      <Filter>shaders</Filter>
    </None>
    <None Include="builds\content\shaders\texture_phong.vert">
      <Filter>shaders</Filter>
    </None>
    <None Include="builds\content\shaders\toon.frag">
      <Filter>shaders</Filter>
    </None>
    <None Include="builds\content\shaders\texture_phong_fog.frag">
      <Filter>shaders</Filter>
    </None>
  </ItemGroup>
</Project>